{"cliVersion":"0.18.1","productModuleName":"FinnishPasswords","sourceFilePaths":[{"path":"\/Users\/juanito\/Documents\/Coding\/FinnishPassphrases\/Project\/FinnishPassphrases\/FinnishPasswords\/AppDelegate.swift","hash":"bc502b8a79e6406d199624e6599e35a9377da817"},{"path":"\/Users\/juanito\/Documents\/Coding\/FinnishPassphrases\/Project\/FinnishPassphrases\/FinnishPasswords\/AppState.swift","hash":"55da14f48ae8277c466296043aee2ab5af4dde2c"},{"path":"\/Users\/juanito\/Documents\/Coding\/FinnishPassphrases\/Project\/FinnishPassphrases\/FinnishPasswords\/FinnishPasswordsApp.swift","hash":"db6d09948cc3ee2de102d3acb4e4959ec1c4653d"},{"path":"\/Users\/juanito\/Documents\/Coding\/FinnishPassphrases\/Project\/FinnishPassphrases\/FinnishPasswords\/Models\/Passphrase.swift","hash":"f4c3b63f3496f96a2e2d7685c39dd932d24a75da"},{"path":"\/Users\/juanito\/Documents\/Coding\/FinnishPassphrases\/Project\/FinnishPassphrases\/FinnishPasswords\/Models\/SeparatorSymbol.swift","hash":"17afb5b8595106b11660ffc925884cf68f0b7838"},{"path":"\/Users\/juanito\/Documents\/Coding\/FinnishPassphrases\/Project\/FinnishPassphrases\/FinnishPasswords\/Services\/KotusWordService.swift","hash":"82934334223fe767da1d422eaaebda52ae96e4f7"},{"path":"\/Users\/juanito\/Documents\/Coding\/FinnishPassphrases\/Project\/FinnishPassphrases\/FinnishPasswords\/Services\/PassphraseGeneratorService.swift","hash":"33ca898b9d199696544bec47ea7f78222cb23ad6"},{"path":"\/Users\/juanito\/Documents\/Coding\/FinnishPassphrases\/Project\/FinnishPassphrases\/FinnishPasswords\/Stores\/DefaultsStore.swift","hash":"78b81409e354f727164d90fee1292881e8834538"},{"path":"\/Users\/juanito\/Documents\/Coding\/FinnishPassphrases\/Project\/FinnishPassphrases\/FinnishPasswords\/Supporting Files\/Constants.swift","hash":"783704537f89ad967af629a1956657669dafb10b"},{"path":"\/Users\/juanito\/Documents\/Coding\/FinnishPassphrases\/Project\/FinnishPassphrases\/FinnishPasswords\/Supporting Files\/Extensions\/Character.swift","hash":"a6d506b536d82ab1df279e0b3053fa5fa8c9dc90"},{"path":"\/Users\/juanito\/Documents\/Coding\/FinnishPassphrases\/Project\/FinnishPassphrases\/FinnishPasswords\/Supporting Files\/Extensions\/Double.swift","hash":"4a58d8a16c33dccba4243cd03053c0c08f5b9657"},{"path":"\/Users\/juanito\/Documents\/Coding\/FinnishPassphrases\/Project\/FinnishPassphrases\/FinnishPasswords\/Supporting Files\/Extensions\/String.swift","hash":"3d56a578e2cc41c9022bda2feb54312651249022"},{"path":"\/Users\/juanito\/Documents\/Coding\/FinnishPassphrases\/Project\/FinnishPassphrases\/FinnishPasswords\/Supporting Files\/Log.swift","hash":"cc9f117d37f5ffa77b4534d956e3ef4570117ef4"},{"path":"\/Users\/juanito\/Documents\/Coding\/FinnishPassphrases\/Project\/FinnishPassphrases\/FinnishPasswords\/Views\/Components\/Checkbox.swift","hash":"9a82d470f5b84ef46596bc613807c0792c0991f1"},{"path":"\/Users\/juanito\/Documents\/Coding\/FinnishPassphrases\/Project\/FinnishPassphrases\/FinnishPasswords\/Views\/Components\/PassphraseDispalyerView.swift","hash":"ef668b47f6caaa262b19af0269ff7ed83438195e"},{"path":"\/Users\/juanito\/Documents\/Coding\/FinnishPassphrases\/Project\/FinnishPassphrases\/FinnishPasswords\/Views\/Components\/SeparatorSelectorView.swift","hash":"8951855b453580257b8517bd47882ce9bef1c56a"},{"path":"\/Users\/juanito\/Documents\/Coding\/FinnishPassphrases\/Project\/FinnishPassphrases\/FinnishPasswords\/Views\/Components\/WordAmountSlider.swift","hash":"f03959abc37d7de0924664c56b1c2cdb0b03cd8f"},{"path":"\/Users\/juanito\/Documents\/Coding\/FinnishPassphrases\/Project\/FinnishPassphrases\/FinnishPasswords\/Views\/ContentView.swift","hash":"4f3f08cf4e35c5a278955cafcd9aef21f2df785c"},{"path":"\/Users\/juanito\/Documents\/Coding\/FinnishPassphrases\/Project\/FinnishPassphrases\/FinnishPasswords\/Views\/GeneratorView.swift","hash":"5ea1e157c3b01172cf5f5ef8081dd7b527a36293"},{"path":"\/Volumes\/GoogleDrive\/My Drive\/Coding\/Projects\/SalasanaGenerator\/FinnishPasswords\/FinnishPasswords\/Views\/Components\/IconButton.swift","hash":"86f15e07e176abb1df826b1d84fb704f14e88ec8"},{"path":"\/Volumes\/GoogleDrive\/My Drive\/Coding\/Projects\/SalasanaGenerator\/FinnishPasswords\/FinnishPasswords\/Views\/FooterView.swift","hash":"77f465874eded9002b0b900132348b0510723897"},{"path":"\/Volumes\/GoogleDrive\/My Drive\/Coding\/Projects\/SalasanaGenerator\/FinnishPasswords\/FinnishPasswords\/Views\/SettingsView.swift","hash":"a8f2445f0c36529f658331b444052c71fbbd9591"},{"path":"\/Volumes\/GoogleDrive\/My Drive\/Coding\/Projects\/SalasanaGenerator\/FinnishPasswords\/FinnishPasswords\/Views\/WordView.swift","hash":"8ac4d0ff8a4065cce29bff743c6e8d5d9becdc08"}],"configHash":"e53a28ea13d257cff8b616eadd643b315e8b4381","dependencyPathsHash":"da39a3ee5e6b4b0d3255bfef95601890afd80709","targetPathsHash":"84bb2a2ab6fe06cef5ae52b7272389190fa6b2da","mockedTypesHash":"99f5ff6378a0b48f815677894306b090ee036726","outputHash":"a6cea807fca09d17e123d6a7d3a0991ca5c24a01","dependencies":[],"sourceRoot":"\/Users\/juanito\/Documents\/Coding\/FinnishPassphrases\/Project\/FinnishPassphrases","supportingFilePaths":[],"name":"FinnishPasswords","projectHash":"6259cf15dab4c427d312b1c4a35c41b97b741e23"}