{"projectHash":"6259cf15dab4c427d312b1c4a35c41b97b741e23","productModuleName":"FinnishPasswordsTests","mockedTypeNames":["\/Users\/juanito\/Documents\/Coding\/FinnishPassphrases\/Project\/FinnishPassphrases\/FinnishPasswordsTests\/DefaultsStoreTests.swift",["Tree"],"\/Users\/juanito\/Documents\/Coding\/FinnishPassphrases\/Project\/FinnishPassphrases\/FinnishPasswords\/Models\/SeparatorSymbol.swift",[],"\/Users\/juanito\/Documents\/Coding\/FinnishPassphrases\/Project\/FinnishPassphrases\/FinnishPasswords\/Models\/Passphrase.swift",[],"\/Users\/juanito\/Documents\/Coding\/FinnishPassphrases\/Project\/FinnishPassphrases\/FinnishPasswords\/Services\/KotusWordService.swift",[],"\/Users\/juanito\/Documents\/Coding\/FinnishPassphrases\/Project\/FinnishPassphrases\/FinnishPasswordsTests\/SeparatorSymbolTests.swift",[],"\/Users\/juanito\/Documents\/Coding\/FinnishPassphrases\/Project\/FinnishPassphrases\/FinnishPasswords\/Supporting Files\/Log.swift",[],"\/Users\/juanito\/Documents\/Coding\/FinnishPassphrases\/Project\/FinnishPassphrases\/FinnishPasswordsTests\/KotusWordServiceTests.swift",[],"\/Users\/juanito\/Documents\/Coding\/FinnishPassphrases\/Project\/FinnishPassphrases\/FinnishPasswordsTests\/PassphraseTests.swift",[]],"cliVersion":"0.18.1","configHash":"e53a28ea13d257cff8b616eadd643b315e8b4381","sourceRoot":"\/Users\/juanito\/Documents\/Coding\/FinnishPassphrases\/Project\/FinnishPassphrases","sourceFilePaths":[{"path":"\/Users\/juanito\/Documents\/Coding\/FinnishPassphrases\/Project\/FinnishPassphrases\/FinnishPasswords\/Models\/Passphrase.swift","hash":"f4c3b63f3496f96a2e2d7685c39dd932d24a75da"},{"path":"\/Users\/juanito\/Documents\/Coding\/FinnishPassphrases\/Project\/FinnishPassphrases\/FinnishPasswords\/Models\/SeparatorSymbol.swift","hash":"17afb5b8595106b11660ffc925884cf68f0b7838"},{"path":"\/Users\/juanito\/Documents\/Coding\/FinnishPassphrases\/Project\/FinnishPassphrases\/FinnishPasswords\/Services\/KotusWordService.swift","hash":"82934334223fe767da1d422eaaebda52ae96e4f7"},{"path":"\/Users\/juanito\/Documents\/Coding\/FinnishPassphrases\/Project\/FinnishPassphrases\/FinnishPasswords\/Supporting Files\/Log.swift","hash":"cc9f117d37f5ffa77b4534d956e3ef4570117ef4"},{"path":"\/Users\/juanito\/Documents\/Coding\/FinnishPassphrases\/Project\/FinnishPassphrases\/FinnishPasswordsTests\/DefaultsStoreTests.swift","hash":"a0babab9aa9f8f38cf6d20fb9ce4899c64d6feb2"},{"path":"\/Users\/juanito\/Documents\/Coding\/FinnishPassphrases\/Project\/FinnishPassphrases\/FinnishPasswordsTests\/KotusWordServiceTests.swift","hash":"75483592a4b9d2c2c473eb915266c115487bc9cd"},{"path":"\/Users\/juanito\/Documents\/Coding\/FinnishPassphrases\/Project\/FinnishPassphrases\/FinnishPasswordsTests\/PassphraseTests.swift","hash":"97487ced2f37628b649dccbfd078e41c9600d099"},{"path":"\/Users\/juanito\/Documents\/Coding\/FinnishPassphrases\/Project\/FinnishPassphrases\/FinnishPasswordsTests\/SeparatorSymbolTests.swift","hash":"63463da41de6176173e915e4c1fb891237d64070"},{"path":"\/Users\/juanito\/Documents\/Coding\/FinnishPassphrases\/Project\/FinnishPassphrases\/MockingbirdMocks\/FinnishPasswordsTests-FinnishPasswordsMocks.generated.swift","hash":"a6cea807fca09d17e123d6a7d3a0991ca5c24a01"}],"dependencies":[],"name":"FinnishPasswordsTests"}