{
  "object": {
    "pins": [
      {
        "package": "Mockingbird",
        "repositoryURL": "https://github.com/birdrides/mockingbird",
        "state": {
          "branch": null,
          "revision": "4069bb0cb0163b1f05b2bbb95f9396964d5a19ca",
          "version": "0.18.1"
        }
      },
      {
        "package": "Popover",
        "repositoryURL": "https://github.com/iSapozhnik/Popover",
        "state": {
          "branch": null,
          "revision": "f1f68383d8b6b773009832943c7bd9a077ac4a4e",
          "version": "1.1.1"
        }
      },
      {
        "package": "WrappingHStack",
        "repositoryURL": "https://github.com/dkk/WrappingHStack",
        "state": {
          "branch": null,
          "revision": "3cc84e786aa996da32f476d89dab4e02d30ce691",
          "version": "2.1.3"
        }
      }
    ]
  },
  "version": 1
}
