// !$*UTF8*$!
{
	archiveVersion = 1;
	classes = {
	};
	objectVersion = 52;
	objects = {

/* Begin PBXBuildFile section */
		280A1CFB2662356F00301A4C /* Log.swift in Sources */ = {isa = PBXBuildFile; fileRef = 280A1CFA2662356F00301A4C /* Log.swift */; };
		280A1CFD2662357A00301A4C /* kotus-sanalista_v1.xml in Resources */ = {isa = PBXBuildFile; fileRef = 280A1CFC2662357A00301A4C /* kotus-sanalista_v1.xml */; };
		280A1D012662359900301A4C /* PassphraseGeneratorService.swift in Sources */ = {isa = PBXBuildFile; fileRef = 280A1CFF2662359800301A4C /* PassphraseGeneratorService.swift */; };
		280A1D022662359900301A4C /* KotusWordService.swift in Sources */ = {isa = PBXBuildFile; fileRef = 280A1D002662359900301A4C /* KotusWordService.swift */; };
		280A1D052662416300301A4C /* AppState.swift in Sources */ = {isa = PBXBuildFile; fileRef = 280A1D042662416300301A4C /* AppState.swift */; };
		280A1D072662434300301A4C /* PassphraseDispalyerView.swift in Sources */ = {isa = PBXBuildFile; fileRef = 280A1D062662434300301A4C /* PassphraseDispalyerView.swift */; };
		280A1D092662477F00301A4C /* Constants.swift in Sources */ = {isa = PBXBuildFile; fileRef = 280A1D082662477F00301A4C /* Constants.swift */; };
		280E0F30266AB5E6001F24F9 /* String.swift in Sources */ = {isa = PBXBuildFile; fileRef = 280E0F2F266AB5E6001F24F9 /* String.swift */; };
		281666FC2664C53A00DDCCC3 /* Passphrase.swift in Sources */ = {isa = PBXBuildFile; fileRef = 281666FB2664C53A00DDCCC3 /* Passphrase.swift */; };
		281666FE2664C6B600DDCCC3 /* SeparatorSymbol.swift in Sources */ = {isa = PBXBuildFile; fileRef = 281666FD2664C6B600DDCCC3 /* SeparatorSymbol.swift */; };
		281667132664D26500DDCCC3 /* DefaultsStore.swift in Sources */ = {isa = PBXBuildFile; fileRef = 281667122664D26500DDCCC3 /* DefaultsStore.swift */; };
		2823C41427CA7222004AE20F /* FinnishPasswordsTests-FinnishPasswordsMocks.generated.swift in Sources */ = {isa = PBXBuildFile; fileRef = 2832100F276BF7E900E2C926 /* FinnishPasswordsTests-FinnishPasswordsMocks.generated.swift */; };
		282874DD2662337500ADC11E /* FinnishPasswordsApp.swift in Sources */ = {isa = PBXBuildFile; fileRef = 282874DC2662337500ADC11E /* FinnishPasswordsApp.swift */; };
		282874DF2662337500ADC11E /* PopOverContent.swift in Sources */ = {isa = PBXBuildFile; fileRef = 282874DE2662337500ADC11E /* PopOverContent.swift */; };
		282874E12662337800ADC11E /* Assets.xcassets in Resources */ = {isa = PBXBuildFile; fileRef = 282874E02662337800ADC11E /* Assets.xcassets */; };
		282874E42662337800ADC11E /* Preview Assets.xcassets in Resources */ = {isa = PBXBuildFile; fileRef = 282874E32662337800ADC11E /* Preview Assets.xcassets */; };
		283183D227CA1DDC0005AE31 /* Localizable.strings in Resources */ = {isa = PBXBuildFile; fileRef = 283183D427CA1DDC0005AE31 /* Localizable.strings */; };
		283D3E02267F3E9B005C8BD9 /* Character.swift in Sources */ = {isa = PBXBuildFile; fileRef = 283D3E01267F3E9B005C8BD9 /* Character.swift */; };
		284FE21E27CA6F6E004D1094 /* KotusWordServiceTests.swift in Sources */ = {isa = PBXBuildFile; fileRef = 284FE21527CA6F6E004D1094 /* KotusWordServiceTests.swift */; };
		284FE21F27CA6F6E004D1094 /* SeparatorSymbolTests.swift in Sources */ = {isa = PBXBuildFile; fileRef = 284FE21627CA6F6E004D1094 /* SeparatorSymbolTests.swift */; };
		284FE22027CA6F6E004D1094 /* CharacterTests.swift in Sources */ = {isa = PBXBuildFile; fileRef = 284FE21727CA6F6E004D1094 /* CharacterTests.swift */; };
		284FE22127CA6F6E004D1094 /* DefaultsStoreTests.swift.plist in Resources */ = {isa = PBXBuildFile; fileRef = 284FE21827CA6F6E004D1094 /* DefaultsStoreTests.swift.plist */; };
		284FE22227CA6F6E004D1094 /* DefaultsStoreTests.swift in Sources */ = {isa = PBXBuildFile; fileRef = 284FE21927CA6F6E004D1094 /* DefaultsStoreTests.swift */; };
		284FE22327CA6F6E004D1094 /* PassphraseGeneratorServiceTests.swift in Sources */ = {isa = PBXBuildFile; fileRef = 284FE21A27CA6F6E004D1094 /* PassphraseGeneratorServiceTests.swift */; };
		284FE22427CA6F6E004D1094 /* PassphraseTests.swift in Sources */ = {isa = PBXBuildFile; fileRef = 284FE21B27CA6F6E004D1094 /* PassphraseTests.swift */; };
		284FE22527CA6F6E004D1094 /* StringTests.swift in Sources */ = {isa = PBXBuildFile; fileRef = 284FE21C27CA6F6E004D1094 /* StringTests.swift */; };
		284FE22627CA6F6E004D1094 /* AppStateTests.swift in Sources */ = {isa = PBXBuildFile; fileRef = 284FE21D27CA6F6E004D1094 /* AppStateTests.swift */; };
		284FE22927CA7149004D1094 /* Mockingbird in Frameworks */ = {isa = PBXBuildFile; productRef = 284FE22827CA7149004D1094 /* Mockingbird */; };
		285CACD5277B42B600D254E3 /* WrappingHStack in Frameworks */ = {isa = PBXBuildFile; productRef = 285CACD4277B42B600D254E3 /* WrappingHStack */; };
		285D399927BE8C850052D90C /* Header.png in Resources */ = {isa = PBXBuildFile; fileRef = 285D399827BE8C850052D90C /* Header.png */; };
		287C913E27C146C8005C9C58 /* RoundedSquareWrapper.swift in Sources */ = {isa = PBXBuildFile; fileRef = 287C913D27C146C8005C9C58 /* RoundedSquareWrapper.swift */; };
		287C914027C2458A005C9C58 /* CustomCheckboxStyle.swift in Sources */ = {isa = PBXBuildFile; fileRef = 287C913F27C2458A005C9C58 /* CustomCheckboxStyle.swift */; };
		287C914527C25F50005C9C58 /* CustomHoverButton.swift in Sources */ = {isa = PBXBuildFile; fileRef = 287C914427C25F50005C9C58 /* CustomHoverButton.swift */; };
		2889AC8627CE3219007EE89E /* CustomLabel.swift in Sources */ = {isa = PBXBuildFile; fileRef = 2889AC8527CE3219007EE89E /* CustomLabel.swift */; };
		28B0534A2791B5B700174F5E /* SettingsPanel.swift in Sources */ = {isa = PBXBuildFile; fileRef = 28B053492791B5B700174F5E /* SettingsPanel.swift */; };
		28B0534C2791B7AD00174F5E /* WordAmountFlicker.swift in Sources */ = {isa = PBXBuildFile; fileRef = 28B0534B2791B7AD00174F5E /* WordAmountFlicker.swift */; };
		28B0534E2791F47100174F5E /* SeparatorFlicker.swift in Sources */ = {isa = PBXBuildFile; fileRef = 28B0534D2791F47100174F5E /* SeparatorFlicker.swift */; };
		28B2F2FA279417DC00FFED56 /* CustomToggleStyle.swift in Sources */ = {isa = PBXBuildFile; fileRef = 28B2F2F9279417DC00FFED56 /* CustomToggleStyle.swift */; };
		28B69F5C27296FAE00A4D080 /* ui_screenshot.png in Resources */ = {isa = PBXBuildFile; fileRef = 28B69F5B27296FAE00A4D080 /* ui_screenshot.png */; };
		28B7FE3E2665006B007A891B /* AppDelegate.swift in Sources */ = {isa = PBXBuildFile; fileRef = 28B7FE3D2665006B007A891B /* AppDelegate.swift */; };
		28DD0EA3277F5BB800B3CA60 /* AboutView.swift in Sources */ = {isa = PBXBuildFile; fileRef = 28DD0EA2277F5BB800B3CA60 /* AboutView.swift */; };
/* End PBXBuildFile section */

/* Begin PBXContainerItemProxy section */
		2808822A27CA683C00E66C89 /* PBXContainerItemProxy */ = {
			isa = PBXContainerItemProxy;
			containerPortal = 282874D12662337500ADC11E /* Project object */;
			proxyType = 1;
			remoteGlobalIDString = 282874D82662337500ADC11E;
			remoteInfo = FinnishPassphrases;
		};
/* End PBXContainerItemProxy section */

/* Begin PBXFileReference section */
		2808822627CA683C00E66C89 /* FinnishPassphrasesTests.xctest */ = {isa = PBXFileReference; explicitFileType = wrapper.cfbundle; includeInIndex = 0; path = FinnishPassphrasesTests.xctest; sourceTree = BUILT_PRODUCTS_DIR; };
		280A1CFA2662356F00301A4C /* Log.swift */ = {isa = PBXFileReference; lastKnownFileType = sourcecode.swift; path = Log.swift; sourceTree = "<group>"; };
		280A1CFC2662357A00301A4C /* kotus-sanalista_v1.xml */ = {isa = PBXFileReference; fileEncoding = 4; lastKnownFileType = text.xml; path = "kotus-sanalista_v1.xml"; sourceTree = "<group>"; };
		280A1CFF2662359800301A4C /* PassphraseGeneratorService.swift */ = {isa = PBXFileReference; fileEncoding = 4; lastKnownFileType = sourcecode.swift; path = PassphraseGeneratorService.swift; sourceTree = "<group>"; };
		280A1D002662359900301A4C /* KotusWordService.swift */ = {isa = PBXFileReference; fileEncoding = 4; lastKnownFileType = sourcecode.swift; path = KotusWordService.swift; sourceTree = "<group>"; };
		280A1D042662416300301A4C /* AppState.swift */ = {isa = PBXFileReference; lastKnownFileType = sourcecode.swift; path = AppState.swift; sourceTree = "<group>"; };
		280A1D062662434300301A4C /* PassphraseDispalyerView.swift */ = {isa = PBXFileReference; lastKnownFileType = sourcecode.swift; path = PassphraseDispalyerView.swift; sourceTree = "<group>"; };
		280A1D082662477F00301A4C /* Constants.swift */ = {isa = PBXFileReference; lastKnownFileType = sourcecode.swift; path = Constants.swift; sourceTree = "<group>"; };
		280E0F2F266AB5E6001F24F9 /* String.swift */ = {isa = PBXFileReference; lastKnownFileType = sourcecode.swift; path = String.swift; sourceTree = "<group>"; };
		2815932F27BF694A00840475 /* download_mockingbird.sh */ = {isa = PBXFileReference; lastKnownFileType = text.script.sh; path = download_mockingbird.sh; sourceTree = "<group>"; };
		2815933027BF6D0900840475 /* generate_mockingbird_mocks.sh */ = {isa = PBXFileReference; lastKnownFileType = text.script.sh; path = generate_mockingbird_mocks.sh; sourceTree = "<group>"; };
		2815933127BF6E2E00840475 /* run_xcode_tests.sh */ = {isa = PBXFileReference; lastKnownFileType = text.script.sh; path = run_xcode_tests.sh; sourceTree = "<group>"; };
		281666FB2664C53A00DDCCC3 /* Passphrase.swift */ = {isa = PBXFileReference; lastKnownFileType = sourcecode.swift; path = Passphrase.swift; sourceTree = "<group>"; };
		281666FD2664C6B600DDCCC3 /* SeparatorSymbol.swift */ = {isa = PBXFileReference; lastKnownFileType = sourcecode.swift; path = SeparatorSymbol.swift; sourceTree = "<group>"; };
		281667122664D26500DDCCC3 /* DefaultsStore.swift */ = {isa = PBXFileReference; lastKnownFileType = sourcecode.swift; path = DefaultsStore.swift; sourceTree = "<group>"; };
		281667162664F50B00DDCCC3 /* README.md */ = {isa = PBXFileReference; lastKnownFileType = net.daringfireball.markdown; path = README.md; sourceTree = "<group>"; };
		2823FBEE276D52D700D0B57B /* .mockingbird-ignore */ = {isa = PBXFileReference; lastKnownFileType = text; path = ".mockingbird-ignore"; sourceTree = "<group>"; };
		282874D92662337500ADC11E /* Finnish Passphrases.app */ = {isa = PBXFileReference; explicitFileType = wrapper.application; includeInIndex = 0; path = "Finnish Passphrases.app"; sourceTree = BUILT_PRODUCTS_DIR; };
		282874DC2662337500ADC11E /* FinnishPasswordsApp.swift */ = {isa = PBXFileReference; lastKnownFileType = sourcecode.swift; path = FinnishPasswordsApp.swift; sourceTree = "<group>"; };
		282874DE2662337500ADC11E /* PopOverContent.swift */ = {isa = PBXFileReference; lastKnownFileType = sourcecode.swift; path = PopOverContent.swift; sourceTree = "<group>"; };
		282874E02662337800ADC11E /* Assets.xcassets */ = {isa = PBXFileReference; lastKnownFileType = folder.assetcatalog; path = Assets.xcassets; sourceTree = "<group>"; };
		282874E32662337800ADC11E /* Preview Assets.xcassets */ = {isa = PBXFileReference; lastKnownFileType = folder.assetcatalog; path = "Preview Assets.xcassets"; sourceTree = "<group>"; };
		283183D327CA1DDC0005AE31 /* en */ = {isa = PBXFileReference; lastKnownFileType = text.plist.strings; name = en; path = en.lproj/Localizable.strings; sourceTree = "<group>"; };
		2832100F276BF7E900E2C926 /* FinnishPasswordsTests-FinnishPasswordsMocks.generated.swift */ = {isa = PBXFileReference; fileEncoding = 4; lastKnownFileType = sourcecode.swift; name = "FinnishPasswordsTests-FinnishPasswordsMocks.generated.swift"; path = "MockingbirdMocks/FinnishPasswordsTests-FinnishPasswordsMocks.generated.swift"; sourceTree = "<group>"; };
		283B7FE227BE9B2C00814098 /* codecov.yml */ = {isa = PBXFileReference; lastKnownFileType = text.yaml; path = codecov.yml; sourceTree = "<group>"; };
		283D3E01267F3E9B005C8BD9 /* Character.swift */ = {isa = PBXFileReference; lastKnownFileType = sourcecode.swift; path = Character.swift; sourceTree = "<group>"; };
		284FE21527CA6F6E004D1094 /* KotusWordServiceTests.swift */ = {isa = PBXFileReference; fileEncoding = 4; lastKnownFileType = sourcecode.swift; path = KotusWordServiceTests.swift; sourceTree = "<group>"; };
		284FE21627CA6F6E004D1094 /* SeparatorSymbolTests.swift */ = {isa = PBXFileReference; fileEncoding = 4; lastKnownFileType = sourcecode.swift; path = SeparatorSymbolTests.swift; sourceTree = "<group>"; };
		284FE21727CA6F6E004D1094 /* CharacterTests.swift */ = {isa = PBXFileReference; fileEncoding = 4; lastKnownFileType = sourcecode.swift; path = CharacterTests.swift; sourceTree = "<group>"; };
		284FE21827CA6F6E004D1094 /* DefaultsStoreTests.swift.plist */ = {isa = PBXFileReference; lastKnownFileType = file.bplist; path = DefaultsStoreTests.swift.plist; sourceTree = "<group>"; };
		284FE21927CA6F6E004D1094 /* DefaultsStoreTests.swift */ = {isa = PBXFileReference; fileEncoding = 4; lastKnownFileType = sourcecode.swift; path = DefaultsStoreTests.swift; sourceTree = "<group>"; };
		284FE21A27CA6F6E004D1094 /* PassphraseGeneratorServiceTests.swift */ = {isa = PBXFileReference; fileEncoding = 4; lastKnownFileType = sourcecode.swift; path = PassphraseGeneratorServiceTests.swift; sourceTree = "<group>"; };
		284FE21B27CA6F6E004D1094 /* PassphraseTests.swift */ = {isa = PBXFileReference; fileEncoding = 4; lastKnownFileType = sourcecode.swift; path = PassphraseTests.swift; sourceTree = "<group>"; };
		284FE21C27CA6F6E004D1094 /* StringTests.swift */ = {isa = PBXFileReference; fileEncoding = 4; lastKnownFileType = sourcecode.swift; path = StringTests.swift; sourceTree = "<group>"; };
		284FE21D27CA6F6E004D1094 /* AppStateTests.swift */ = {isa = PBXFileReference; fileEncoding = 4; lastKnownFileType = sourcecode.swift; path = AppStateTests.swift; sourceTree = "<group>"; };
		285D399827BE8C850052D90C /* Header.png */ = {isa = PBXFileReference; lastKnownFileType = image.png; path = Header.png; sourceTree = "<group>"; };
		2879141127C6A6E700603D51 /* set_version.sh */ = {isa = PBXFileReference; lastKnownFileType = text.script.sh; path = set_version.sh; sourceTree = "<group>"; };
		287C913D27C146C8005C9C58 /* RoundedSquareWrapper.swift */ = {isa = PBXFileReference; lastKnownFileType = sourcecode.swift; path = RoundedSquareWrapper.swift; sourceTree = "<group>"; };
		287C913F27C2458A005C9C58 /* CustomCheckboxStyle.swift */ = {isa = PBXFileReference; lastKnownFileType = sourcecode.swift; path = CustomCheckboxStyle.swift; sourceTree = "<group>"; };
		287C914427C25F50005C9C58 /* CustomHoverButton.swift */ = {isa = PBXFileReference; lastKnownFileType = sourcecode.swift; path = CustomHoverButton.swift; sourceTree = "<group>"; };
		2885D39C276BBE18007E5695 /* .gitignore */ = {isa = PBXFileReference; lastKnownFileType = text; path = .gitignore; sourceTree = "<group>"; };
		2889AC8527CE3219007EE89E /* CustomLabel.swift */ = {isa = PBXFileReference; lastKnownFileType = sourcecode.swift; path = CustomLabel.swift; sourceTree = "<group>"; };
		28A24B9D27BF81A400589D12 /* lint.sh */ = {isa = PBXFileReference; lastKnownFileType = text.script.sh; path = lint.sh; sourceTree = "<group>"; };
		28B053492791B5B700174F5E /* SettingsPanel.swift */ = {isa = PBXFileReference; lastKnownFileType = sourcecode.swift; path = SettingsPanel.swift; sourceTree = "<group>"; };
		28B0534B2791B7AD00174F5E /* WordAmountFlicker.swift */ = {isa = PBXFileReference; lastKnownFileType = sourcecode.swift; path = WordAmountFlicker.swift; sourceTree = "<group>"; };
		28B0534D2791F47100174F5E /* SeparatorFlicker.swift */ = {isa = PBXFileReference; lastKnownFileType = sourcecode.swift; path = SeparatorFlicker.swift; sourceTree = "<group>"; };
		28B1578F27949670007352E9 /* Info.plist */ = {isa = PBXFileReference; lastKnownFileType = text.plist.xml; path = Info.plist; sourceTree = "<group>"; };
		28B1579027949670007352E9 /* FinnishPassphrases.entitlements */ = {isa = PBXFileReference; lastKnownFileType = text.plist.entitlements; path = FinnishPassphrases.entitlements; sourceTree = "<group>"; };
		28B15791279497B8007352E9 /* .swiftlint.yml */ = {isa = PBXFileReference; lastKnownFileType = text.yaml; path = .swiftlint.yml; sourceTree = "<group>"; };
		28B2F2F9279417DC00FFED56 /* CustomToggleStyle.swift */ = {isa = PBXFileReference; lastKnownFileType = sourcecode.swift; path = CustomToggleStyle.swift; sourceTree = "<group>"; };
		28B69F5B27296FAE00A4D080 /* ui_screenshot.png */ = {isa = PBXFileReference; lastKnownFileType = image.png; path = ui_screenshot.png; sourceTree = "<group>"; };
		28B7FE3D2665006B007A891B /* AppDelegate.swift */ = {isa = PBXFileReference; lastKnownFileType = sourcecode.swift; path = AppDelegate.swift; sourceTree = "<group>"; };
		28DD0EA2277F5BB800B3CA60 /* AboutView.swift */ = {isa = PBXFileReference; lastKnownFileType = sourcecode.swift; path = AboutView.swift; sourceTree = "<group>"; };
/* End PBXFileReference section */

/* Begin PBXFrameworksBuildPhase section */
		2808822327CA683C00E66C89 /* Frameworks */ = {
			isa = PBXFrameworksBuildPhase;
			buildActionMask = 2147483647;
			files = (
				284FE22927CA7149004D1094 /* Mockingbird in Frameworks */,
			);
			runOnlyForDeploymentPostprocessing = 0;
		};
		282874D62662337500ADC11E /* Frameworks */ = {
			isa = PBXFrameworksBuildPhase;
			buildActionMask = 2147483647;
			files = (
				285CACD5277B42B600D254E3 /* WrappingHStack in Frameworks */,
			);
			runOnlyForDeploymentPostprocessing = 0;
		};
/* End PBXFrameworksBuildPhase section */

/* Begin PBXGroup section */
		280A1CF92662355900301A4C /* Supporting Files */ = {
			isa = PBXGroup;
			children = (
				28B1579027949670007352E9 /* FinnishPassphrases.entitlements */,
				28B1578F27949670007352E9 /* Info.plist */,
				283183D427CA1DDC0005AE31 /* Localizable.strings */,
				280E0F2E266AB5DA001F24F9 /* Extensions */,
				280A1CFC2662357A00301A4C /* kotus-sanalista_v1.xml */,
				280A1CFA2662356F00301A4C /* Log.swift */,
				280A1D082662477F00301A4C /* Constants.swift */,
			);
			path = "Supporting Files";
			sourceTree = "<group>";
		};
		280A1CFE2662358B00301A4C /* Services */ = {
			isa = PBXGroup;
			children = (
				280A1D002662359900301A4C /* KotusWordService.swift */,
				280A1CFF2662359800301A4C /* PassphraseGeneratorService.swift */,
			);
			path = Services;
			sourceTree = "<group>";
		};
		280A1D03266240FF00301A4C /* Views */ = {
			isa = PBXGroup;
			children = (
				28DD8E0026CAF8830087C842 /* Components */,
				280A1D062662434300301A4C /* PassphraseDispalyerView.swift */,
				282874DE2662337500ADC11E /* PopOverContent.swift */,
				28B053492791B5B700174F5E /* SettingsPanel.swift */,
				28DD0EA2277F5BB800B3CA60 /* AboutView.swift */,
			);
			path = Views;
			sourceTree = "<group>";
		};
		280E0F2E266AB5DA001F24F9 /* Extensions */ = {
			isa = PBXGroup;
			children = (
				280E0F2F266AB5E6001F24F9 /* String.swift */,
				283D3E01267F3E9B005C8BD9 /* Character.swift */,
			);
			path = Extensions;
			sourceTree = "<group>";
		};
		2815932E27BF68F400840475 /* Scripts */ = {
			isa = PBXGroup;
			children = (
				2815932F27BF694A00840475 /* download_mockingbird.sh */,
				2815933027BF6D0900840475 /* generate_mockingbird_mocks.sh */,
				2815933127BF6E2E00840475 /* run_xcode_tests.sh */,
				28A24B9D27BF81A400589D12 /* lint.sh */,
				2879141127C6A6E700603D51 /* set_version.sh */,
			);
			path = Scripts;
			sourceTree = "<group>";
		};
		281666FA2664C50600DDCCC3 /* Models */ = {
			isa = PBXGroup;
			children = (
				281666FB2664C53A00DDCCC3 /* Passphrase.swift */,
				281666FD2664C6B600DDCCC3 /* SeparatorSymbol.swift */,
			);
			path = Models;
			sourceTree = "<group>";
		};
		281667112664D23F00DDCCC3 /* Stores */ = {
			isa = PBXGroup;
			children = (
				281667122664D26500DDCCC3 /* DefaultsStore.swift */,
			);
			path = Stores;
			sourceTree = "<group>";
		};
		282874D02662337500ADC11E = {
			isa = PBXGroup;
			children = (
				2815932E27BF68F400840475 /* Scripts */,
				283B7FE227BE9B2C00814098 /* codecov.yml */,
				28B15791279497B8007352E9 /* .swiftlint.yml */,
				2823FBEE276D52D700D0B57B /* .mockingbird-ignore */,
				2885D39C276BBE18007E5695 /* .gitignore */,
				28B69F5827294AA400A4D080 /* Documentation */,
				281667162664F50B00DDCCC3 /* README.md */,
				282874DB2662337500ADC11E /* FinnishPassphrases */,
				28395D8827CA654500B6C634 /* FinnishPassphrasesTests */,
				282874DA2662337500ADC11E /* Products */,
				B0D843842F2AE73D973EF9D6 /* Generated Mocks */,
			);
			sourceTree = "<group>";
		};
		282874DA2662337500ADC11E /* Products */ = {
			isa = PBXGroup;
			children = (
				282874D92662337500ADC11E /* Finnish Passphrases.app */,
				2808822627CA683C00E66C89 /* FinnishPassphrasesTests.xctest */,
			);
			name = Products;
			sourceTree = "<group>";
		};
		282874DB2662337500ADC11E /* FinnishPassphrases */ = {
			isa = PBXGroup;
			children = (
				280A1D03266240FF00301A4C /* Views */,
				280A1CFE2662358B00301A4C /* Services */,
				281666FA2664C50600DDCCC3 /* Models */,
				280A1CF92662355900301A4C /* Supporting Files */,
				281667112664D23F00DDCCC3 /* Stores */,
				280A1D042662416300301A4C /* AppState.swift */,
				282874DC2662337500ADC11E /* FinnishPasswordsApp.swift */,
				282874E02662337800ADC11E /* Assets.xcassets */,
				282874E22662337800ADC11E /* Preview Content */,
				28B7FE3D2665006B007A891B /* AppDelegate.swift */,
			);
			path = FinnishPassphrases;
			sourceTree = "<group>";
		};
		282874E22662337800ADC11E /* Preview Content */ = {
			isa = PBXGroup;
			children = (
				282874E32662337800ADC11E /* Preview Assets.xcassets */,
			);
			path = "Preview Content";
			sourceTree = "<group>";
		};
		28395D8827CA654500B6C634 /* FinnishPassphrasesTests */ = {
			isa = PBXGroup;
			children = (
				284FE21D27CA6F6E004D1094 /* AppStateTests.swift */,
				284FE21727CA6F6E004D1094 /* CharacterTests.swift */,
				284FE21927CA6F6E004D1094 /* DefaultsStoreTests.swift */,
				284FE21827CA6F6E004D1094 /* DefaultsStoreTests.swift.plist */,
				284FE21527CA6F6E004D1094 /* KotusWordServiceTests.swift */,
				284FE21A27CA6F6E004D1094 /* PassphraseGeneratorServiceTests.swift */,
				284FE21B27CA6F6E004D1094 /* PassphraseTests.swift */,
				284FE21627CA6F6E004D1094 /* SeparatorSymbolTests.swift */,
				284FE21C27CA6F6E004D1094 /* StringTests.swift */,
			);
			path = FinnishPassphrasesTests;
			sourceTree = "<group>";
		};
		28B2F2F82794179000FFED56 /* Toggles */ = {
			isa = PBXGroup;
			children = (
				28B2F2F9279417DC00FFED56 /* CustomToggleStyle.swift */,
				287C913F27C2458A005C9C58 /* CustomCheckboxStyle.swift */,
			);
			path = Toggles;
			sourceTree = "<group>";
		};
		28B69F5827294AA400A4D080 /* Documentation */ = {
			isa = PBXGroup;
			children = (
				285D399827BE8C850052D90C /* Header.png */,
				28B69F5B27296FAE00A4D080 /* ui_screenshot.png */,
			);
			path = Documentation;
			sourceTree = "<group>";
		};
		28DD8E0026CAF8830087C842 /* Components */ = {
			isa = PBXGroup;
			children = (
				28B2F2F82794179000FFED56 /* Toggles */,
				28B0534B2791B7AD00174F5E /* WordAmountFlicker.swift */,
				28B0534D2791F47100174F5E /* SeparatorFlicker.swift */,
				287C913D27C146C8005C9C58 /* RoundedSquareWrapper.swift */,
				287C914427C25F50005C9C58 /* CustomHoverButton.swift */,
				2889AC8527CE3219007EE89E /* CustomLabel.swift */,
			);
			path = Components;
			sourceTree = "<group>";
		};
		B0D843842F2AE73D973EF9D6 /* Generated Mocks */ = {
			isa = PBXGroup;
			children = (
				2832100F276BF7E900E2C926 /* FinnishPasswordsTests-FinnishPasswordsMocks.generated.swift */,
			);
			name = "Generated Mocks";
			sourceTree = "<group>";
		};
/* End PBXGroup section */

/* Begin PBXNativeTarget section */
		2808822527CA683C00E66C89 /* FinnishPassphrasesTests */ = {
			isa = PBXNativeTarget;
			buildConfigurationList = 2808822E27CA683C00E66C89 /* Build configuration list for PBXNativeTarget "FinnishPassphrasesTests" */;
			buildPhases = (
				284FE21327CA6EB8004D1094 /* Download Mockingbird */,
				284FE21427CA6ED9004D1094 /* Generate Mockingbird Mocks */,
				2808822227CA683C00E66C89 /* Sources */,
				2808822327CA683C00E66C89 /* Frameworks */,
				2808822427CA683C00E66C89 /* Resources */,
			);
			buildRules = (
			);
			dependencies = (
				2808822B27CA683C00E66C89 /* PBXTargetDependency */,
			);
			name = FinnishPassphrasesTests;
			packageProductDependencies = (
				284FE22827CA7149004D1094 /* Mockingbird */,
			);
			productName = FinnishPassphrasesTests;
			productReference = 2808822627CA683C00E66C89 /* FinnishPassphrasesTests.xctest */;
			productType = "com.apple.product-type.bundle.unit-test";
		};
		282874D82662337500ADC11E /* FinnishPassphrases */ = {
			isa = PBXNativeTarget;
			buildConfigurationList = 282874E92662337800ADC11E /* Build configuration list for PBXNativeTarget "FinnishPassphrases" */;
			buildPhases = (
				2879141227C6A76D00603D51 /* Update Version Number */,
				281E06282794983D00B58EE0 /* SwiftLint */,
				282874D52662337500ADC11E /* Sources */,
				282874D62662337500ADC11E /* Frameworks */,
				282874D72662337500ADC11E /* Resources */,
			);
			buildRules = (
			);
			dependencies = (
			);
			name = FinnishPassphrases;
			packageProductDependencies = (
				285CACD4277B42B600D254E3 /* WrappingHStack */,
			);
			productName = FinnishPasswords;
			productReference = 282874D92662337500ADC11E /* Finnish Passphrases.app */;
			productType = "com.apple.product-type.application";
		};
/* End PBXNativeTarget section */

/* Begin PBXProject section */
		282874D12662337500ADC11E /* Project object */ = {
			isa = PBXProject;
			attributes = {
				LastSwiftUpdateCheck = 1320;
				LastUpgradeCheck = 1320;
				TargetAttributes = {
					2808822527CA683C00E66C89 = {
						CreatedOnToolsVersion = 13.2.1;
						LastSwiftMigration = 1320;
						TestTargetID = 282874D82662337500ADC11E;
					};
					282874D82662337500ADC11E = {
						CreatedOnToolsVersion = 12.5;
					};
				};
			};
			buildConfigurationList = 282874D42662337500ADC11E /* Build configuration list for PBXProject "FinnishPassphrases" */;
			compatibilityVersion = "Xcode 9.3";
			developmentRegion = en;
			hasScannedForEncodings = 0;
			knownRegions = (
				en,
				Base,
			);
			mainGroup = 282874D02662337500ADC11E;
			packageReferences = (
				285CACD3277B42B600D254E3 /* XCRemoteSwiftPackageReference "WrappingHStack" */,
				284FE22727CA7149004D1094 /* XCRemoteSwiftPackageReference "mockingbird" */,
			);
			productRefGroup = 282874DA2662337500ADC11E /* Products */;
			projectDirPath = "";
			projectRoot = "";
			targets = (
				282874D82662337500ADC11E /* FinnishPassphrases */,
				2808822527CA683C00E66C89 /* FinnishPassphrasesTests */,
			);
		};
/* End PBXProject section */

/* Begin PBXResourcesBuildPhase section */
		2808822427CA683C00E66C89 /* Resources */ = {
			isa = PBXResourcesBuildPhase;
			buildActionMask = 2147483647;
			files = (
				284FE22127CA6F6E004D1094 /* DefaultsStoreTests.swift.plist in Resources */,
			);
			runOnlyForDeploymentPostprocessing = 0;
		};
		282874D72662337500ADC11E /* Resources */ = {
			isa = PBXResourcesBuildPhase;
			buildActionMask = 2147483647;
			files = (
				285D399927BE8C850052D90C /* Header.png in Resources */,
				283183D227CA1DDC0005AE31 /* Localizable.strings in Resources */,
				282874E42662337800ADC11E /* Preview Assets.xcassets in Resources */,
				28B69F5C27296FAE00A4D080 /* ui_screenshot.png in Resources */,
				280A1CFD2662357A00301A4C /* kotus-sanalista_v1.xml in Resources */,
				282874E12662337800ADC11E /* Assets.xcassets in Resources */,
			);
			runOnlyForDeploymentPostprocessing = 0;
		};
/* End PBXResourcesBuildPhase section */

/* Begin PBXShellScriptBuildPhase section */
		281E06282794983D00B58EE0 /* SwiftLint */ = {
			isa = PBXShellScriptBuildPhase;
			buildActionMask = 2147483647;
			files = (
			);
			inputFileListPaths = (
			);
			inputPaths = (
			);
			name = SwiftLint;
			outputFileListPaths = (
			);
			outputPaths = (
			);
			runOnlyForDeploymentPostprocessing = 0;
			shellPath = /bin/sh;
			shellScript = "sh Scripts/lint.sh\n";
		};
		284FE21327CA6EB8004D1094 /* Download Mockingbird */ = {
			isa = PBXShellScriptBuildPhase;
			buildActionMask = 2147483647;
			files = (
			);
			inputFileListPaths = (
			);
			inputPaths = (
			);
			name = "Download Mockingbird";
			outputFileListPaths = (
			);
			outputPaths = (
			);
			runOnlyForDeploymentPostprocessing = 0;
			shellPath = /bin/sh;
			shellScript = "# Type a script or drag a script file from your workspace to insert its path.\nsh Scripts/download_mockingbird.sh\n";
		};
		284FE21427CA6ED9004D1094 /* Generate Mockingbird Mocks */ = {
			isa = PBXShellScriptBuildPhase;
			buildActionMask = 2147483647;
			files = (
			);
			inputFileListPaths = (
			);
			inputPaths = (
			);
			name = "Generate Mockingbird Mocks";
			outputFileListPaths = (
			);
			outputPaths = (
				"$(SRCROOT)/MockingbirdMocks/FinnishPasswordsTests-FinnishPasswordsMocks.generated.swift",
			);
			runOnlyForDeploymentPostprocessing = 0;
			shellPath = /bin/sh;
			shellScript = "# Type a script or drag a script file from your workspace to insert its path.\nsh Scripts/generate_mockingbird_mocks.sh\n";
		};
		2879141227C6A76D00603D51 /* Update Version Number */ = {
			isa = PBXShellScriptBuildPhase;
			buildActionMask = 2147483647;
			files = (
			);
			inputFileListPaths = (
			);
			inputPaths = (
			);
			name = "Update Version Number";
			outputFileListPaths = (
			);
			outputPaths = (
			);
			runOnlyForDeploymentPostprocessing = 0;
			shellPath = /bin/sh;
			shellScript = "sh $SRCROOT/Scripts/set_version.sh\n";
		};
/* End PBXShellScriptBuildPhase section */

/* Begin PBXSourcesBuildPhase section */
		2808822227CA683C00E66C89 /* Sources */ = {
			isa = PBXSourcesBuildPhase;
			buildActionMask = 2147483647;
			files = (
				284FE21E27CA6F6E004D1094 /* KotusWordServiceTests.swift in Sources */,
				284FE22427CA6F6E004D1094 /* PassphraseTests.swift in Sources */,
				284FE22027CA6F6E004D1094 /* CharacterTests.swift in Sources */,
				284FE22627CA6F6E004D1094 /* AppStateTests.swift in Sources */,
				284FE22527CA6F6E004D1094 /* StringTests.swift in Sources */,
				284FE22327CA6F6E004D1094 /* PassphraseGeneratorServiceTests.swift in Sources */,
				284FE21F27CA6F6E004D1094 /* SeparatorSymbolTests.swift in Sources */,
				284FE22227CA6F6E004D1094 /* DefaultsStoreTests.swift in Sources */,
				2823C41427CA7222004AE20F /* FinnishPasswordsTests-FinnishPasswordsMocks.generated.swift in Sources */,
			);
			runOnlyForDeploymentPostprocessing = 0;
		};
		282874D52662337500ADC11E /* Sources */ = {
			isa = PBXSourcesBuildPhase;
			buildActionMask = 2147483647;
			files = (
				287C914527C25F50005C9C58 /* CustomHoverButton.swift in Sources */,
				28B0534A2791B5B700174F5E /* SettingsPanel.swift in Sources */,
				280A1D022662359900301A4C /* KotusWordService.swift in Sources */,
				287C914027C2458A005C9C58 /* CustomCheckboxStyle.swift in Sources */,
				281666FC2664C53A00DDCCC3 /* Passphrase.swift in Sources */,
				28B0534E2791F47100174F5E /* SeparatorFlicker.swift in Sources */,
				28DD0EA3277F5BB800B3CA60 /* AboutView.swift in Sources */,
				281666FE2664C6B600DDCCC3 /* SeparatorSymbol.swift in Sources */,
				28B0534C2791B7AD00174F5E /* WordAmountFlicker.swift in Sources */,
				281667132664D26500DDCCC3 /* DefaultsStore.swift in Sources */,
				28B7FE3E2665006B007A891B /* AppDelegate.swift in Sources */,
				280A1D012662359900301A4C /* PassphraseGeneratorService.swift in Sources */,
				282874DF2662337500ADC11E /* PopOverContent.swift in Sources */,
				283D3E02267F3E9B005C8BD9 /* Character.swift in Sources */,
				28B2F2FA279417DC00FFED56 /* CustomToggleStyle.swift in Sources */,
				280A1D072662434300301A4C /* PassphraseDispalyerView.swift in Sources */,
				2889AC8627CE3219007EE89E /* CustomLabel.swift in Sources */,
				280A1D052662416300301A4C /* AppState.swift in Sources */,
				282874DD2662337500ADC11E /* FinnishPasswordsApp.swift in Sources */,
				280E0F30266AB5E6001F24F9 /* String.swift in Sources */,
				280A1CFB2662356F00301A4C /* Log.swift in Sources */,
				287C913E27C146C8005C9C58 /* RoundedSquareWrapper.swift in Sources */,
				280A1D092662477F00301A4C /* Constants.swift in Sources */,
			);
			runOnlyForDeploymentPostprocessing = 0;
		};
/* End PBXSourcesBuildPhase section */

/* Begin PBXTargetDependency section */
		2808822B27CA683C00E66C89 /* PBXTargetDependency */ = {
			isa = PBXTargetDependency;
			target = 282874D82662337500ADC11E /* FinnishPassphrases */;
			targetProxy = 2808822A27CA683C00E66C89 /* PBXContainerItemProxy */;
		};
/* End PBXTargetDependency section */

/* Begin PBXVariantGroup section */
		283183D427CA1DDC0005AE31 /* Localizable.strings */ = {
			isa = PBXVariantGroup;
			children = (
				283183D327CA1DDC0005AE31 /* en */,
			);
			name = Localizable.strings;
			sourceTree = "<group>";
		};
/* End PBXVariantGroup section */

/* Begin XCBuildConfiguration section */
		2808822C27CA683C00E66C89 /* Debug */ = {
			isa = XCBuildConfiguration;
			buildSettings = {
				BUNDLE_LOADER = "$(TEST_HOST)";
				CLANG_CXX_LANGUAGE_STANDARD = "gnu++17";
				CLANG_ENABLE_MODULES = YES;
				CODE_SIGN_IDENTITY = "Apple Development";
				CODE_SIGN_STYLE = Automatic;
				CURRENT_PROJECT_VERSION = 1;
				DEVELOPMENT_TEAM = H9XF3442XB;
				GENERATE_INFOPLIST_FILE = YES;
				LD_RUNPATH_SEARCH_PATHS = (
					"$(inherited)",
					"@executable_path/../Frameworks",
					"@loader_path/../Frameworks",
				);
				MACOSX_DEPLOYMENT_TARGET = 11.2;
				MARKETING_VERSION = 1.0;
				PRODUCT_BUNDLE_IDENTIFIER = com.juanito.FinnishPassphrasesTests;
				PRODUCT_NAME = "$(TARGET_NAME)";
				SWIFT_EMIT_LOC_STRINGS = NO;
				SWIFT_OPTIMIZATION_LEVEL = "-Onone";
				SWIFT_VERSION = 5.0;
				TEST_HOST = "$(BUILT_PRODUCTS_DIR)/Finnish Passphrases.app/Contents/MacOS/Finnish Passphrases";
			};
			name = Debug;
		};
		2808822D27CA683C00E66C89 /* Release */ = {
			isa = XCBuildConfiguration;
			buildSettings = {
				BUNDLE_LOADER = "$(TEST_HOST)";
				CLANG_CXX_LANGUAGE_STANDARD = "gnu++17";
				CLANG_ENABLE_MODULES = YES;
				CODE_SIGN_IDENTITY = "Apple Development";
				CODE_SIGN_STYLE = Automatic;
				CURRENT_PROJECT_VERSION = 1;
				DEVELOPMENT_TEAM = H9XF3442XB;
				GENERATE_INFOPLIST_FILE = YES;
				LD_RUNPATH_SEARCH_PATHS = (
					"$(inherited)",
					"@executable_path/../Frameworks",
					"@loader_path/../Frameworks",
				);
				MACOSX_DEPLOYMENT_TARGET = 11.2;
				MARKETING_VERSION = 1.0;
				PRODUCT_BUNDLE_IDENTIFIER = com.juanito.FinnishPassphrasesTests;
				PRODUCT_NAME = "$(TARGET_NAME)";
				SWIFT_EMIT_LOC_STRINGS = NO;
				SWIFT_VERSION = 5.0;
				TEST_HOST = "$(BUILT_PRODUCTS_DIR)/Finnish Passphrases.app/Contents/MacOS/Finnish Passphrases";
			};
			name = Release;
		};
		282874E72662337800ADC11E /* Debug */ = {
			isa = XCBuildConfiguration;
			buildSettings = {
				ALWAYS_SEARCH_USER_PATHS = NO;
				CLANG_ANALYZER_NONNULL = YES;
				CLANG_ANALYZER_NUMBER_OBJECT_CONVERSION = YES_AGGRESSIVE;
				CLANG_CXX_LANGUAGE_STANDARD = "gnu++14";
				CLANG_CXX_LIBRARY = "libc++";
				CLANG_ENABLE_MODULES = YES;
				CLANG_ENABLE_OBJC_ARC = YES;
				CLANG_ENABLE_OBJC_WEAK = YES;
				CLANG_WARN_BLOCK_CAPTURE_AUTORELEASING = YES;
				CLANG_WARN_BOOL_CONVERSION = YES;
				CLANG_WARN_COMMA = YES;
				CLANG_WARN_CONSTANT_CONVERSION = YES;
				CLANG_WARN_DEPRECATED_OBJC_IMPLEMENTATIONS = YES;
				CLANG_WARN_DIRECT_OBJC_ISA_USAGE = YES_ERROR;
				CLANG_WARN_DOCUMENTATION_COMMENTS = YES;
				CLANG_WARN_EMPTY_BODY = YES;
				CLANG_WARN_ENUM_CONVERSION = YES;
				CLANG_WARN_INFINITE_RECURSION = YES;
				CLANG_WARN_INT_CONVERSION = YES;
				CLANG_WARN_NON_LITERAL_NULL_CONVERSION = YES;
				CLANG_WARN_OBJC_IMPLICIT_RETAIN_SELF = YES;
				CLANG_WARN_OBJC_LITERAL_CONVERSION = YES;
				CLANG_WARN_OBJC_ROOT_CLASS = YES_ERROR;
				CLANG_WARN_QUOTED_INCLUDE_IN_FRAMEWORK_HEADER = YES;
				CLANG_WARN_RANGE_LOOP_ANALYSIS = YES;
				CLANG_WARN_STRICT_PROTOTYPES = YES;
				CLANG_WARN_SUSPICIOUS_MOVE = YES;
				CLANG_WARN_UNGUARDED_AVAILABILITY = YES_AGGRESSIVE;
				CLANG_WARN_UNREACHABLE_CODE = YES;
				CLANG_WARN__DUPLICATE_METHOD_MATCH = YES;
				COPY_PHASE_STRIP = NO;
				DEBUG_INFORMATION_FORMAT = dwarf;
				ENABLE_STRICT_OBJC_MSGSEND = YES;
				ENABLE_TESTABILITY = YES;
				GCC_C_LANGUAGE_STANDARD = gnu11;
				GCC_DYNAMIC_NO_PIC = NO;
				GCC_NO_COMMON_BLOCKS = YES;
				GCC_OPTIMIZATION_LEVEL = 0;
				GCC_PREPROCESSOR_DEFINITIONS = (
					"DEBUG=1",
					"$(inherited)",
				);
				GCC_WARN_64_TO_32_BIT_CONVERSION = YES;
				GCC_WARN_ABOUT_RETURN_TYPE = YES_ERROR;
				GCC_WARN_UNDECLARED_SELECTOR = YES;
				GCC_WARN_UNINITIALIZED_AUTOS = YES_AGGRESSIVE;
				GCC_WARN_UNUSED_FUNCTION = YES;
				GCC_WARN_UNUSED_VARIABLE = YES;
				MACOSX_DEPLOYMENT_TARGET = 11.2;
				MTL_ENABLE_DEBUG_INFO = INCLUDE_SOURCE;
				MTL_FAST_MATH = YES;
				ONLY_ACTIVE_ARCH = YES;
				SDKROOT = macosx;
				SWIFT_ACTIVE_COMPILATION_CONDITIONS = DEBUG;
				SWIFT_OPTIMIZATION_LEVEL = "-Onone";
			};
			name = Debug;
		};
		282874E82662337800ADC11E /* Release */ = {
			isa = XCBuildConfiguration;
			buildSettings = {
				ALWAYS_SEARCH_USER_PATHS = NO;
				CLANG_ANALYZER_NONNULL = YES;
				CLANG_ANALYZER_NUMBER_OBJECT_CONVERSION = YES_AGGRESSIVE;
				CLANG_CXX_LANGUAGE_STANDARD = "gnu++14";
				CLANG_CXX_LIBRARY = "libc++";
				CLANG_ENABLE_MODULES = YES;
				CLANG_ENABLE_OBJC_ARC = YES;
				CLANG_ENABLE_OBJC_WEAK = YES;
				CLANG_WARN_BLOCK_CAPTURE_AUTORELEASING = YES;
				CLANG_WARN_BOOL_CONVERSION = YES;
				CLANG_WARN_COMMA = YES;
				CLANG_WARN_CONSTANT_CONVERSION = YES;
				CLANG_WARN_DEPRECATED_OBJC_IMPLEMENTATIONS = YES;
				CLANG_WARN_DIRECT_OBJC_ISA_USAGE = YES_ERROR;
				CLANG_WARN_DOCUMENTATION_COMMENTS = YES;
				CLANG_WARN_EMPTY_BODY = YES;
				CLANG_WARN_ENUM_CONVERSION = YES;
				CLANG_WARN_INFINITE_RECURSION = YES;
				CLANG_WARN_INT_CONVERSION = YES;
				CLANG_WARN_NON_LITERAL_NULL_CONVERSION = YES;
				CLANG_WARN_OBJC_IMPLICIT_RETAIN_SELF = YES;
				CLANG_WARN_OBJC_LITERAL_CONVERSION = YES;
				CLANG_WARN_OBJC_ROOT_CLASS = YES_ERROR;
				CLANG_WARN_QUOTED_INCLUDE_IN_FRAMEWORK_HEADER = YES;
				CLANG_WARN_RANGE_LOOP_ANALYSIS = YES;
				CLANG_WARN_STRICT_PROTOTYPES = YES;
				CLANG_WARN_SUSPICIOUS_MOVE = YES;
				CLANG_WARN_UNGUARDED_AVAILABILITY = YES_AGGRESSIVE;
				CLANG_WARN_UNREACHABLE_CODE = YES;
				CLANG_WARN__DUPLICATE_METHOD_MATCH = YES;
				COPY_PHASE_STRIP = NO;
				DEBUG_INFORMATION_FORMAT = "dwarf-with-dsym";
				ENABLE_NS_ASSERTIONS = NO;
				ENABLE_STRICT_OBJC_MSGSEND = YES;
				GCC_C_LANGUAGE_STANDARD = gnu11;
				GCC_NO_COMMON_BLOCKS = YES;
				GCC_WARN_64_TO_32_BIT_CONVERSION = YES;
				GCC_WARN_ABOUT_RETURN_TYPE = YES_ERROR;
				GCC_WARN_UNDECLARED_SELECTOR = YES;
				GCC_WARN_UNINITIALIZED_AUTOS = YES_AGGRESSIVE;
				GCC_WARN_UNUSED_FUNCTION = YES;
				GCC_WARN_UNUSED_VARIABLE = YES;
				MACOSX_DEPLOYMENT_TARGET = 11.2;
				MTL_ENABLE_DEBUG_INFO = NO;
				MTL_FAST_MATH = YES;
				SDKROOT = macosx;
				SWIFT_COMPILATION_MODE = wholemodule;
				SWIFT_OPTIMIZATION_LEVEL = "-O";
			};
			name = Release;
		};
		282874EA2662337800ADC11E /* Debug */ = {
			isa = XCBuildConfiguration;
			buildSettings = {
				ASSETCATALOG_COMPILER_APPICON_NAME = AppIcon;
				ASSETCATALOG_COMPILER_GLOBAL_ACCENT_COLOR_NAME = "accent-color";
				CODE_SIGN_ENTITLEMENTS = "FinnishPassphrases/Supporting Files/FinnishPassphrases.entitlements";
				CODE_SIGN_IDENTITY = "Apple Development";
				CODE_SIGN_STYLE = Automatic;
				COMBINE_HIDPI_IMAGES = YES;
				DEVELOPMENT_ASSET_PATHS = "\"FinnishPassphrases/Preview Content\"";
				DEVELOPMENT_TEAM = H9XF3442XB;
				ENABLE_HARDENED_RUNTIME = YES;
				ENABLE_PREVIEWS = YES;
				GCC_SYMBOLS_PRIVATE_EXTERN = NO;
				INFOPLIST_FILE = "FinnishPassphrases/Supporting Files/Info.plist";
				LD_RUNPATH_SEARCH_PATHS = (
					"$(inherited)",
					"@executable_path/../Frameworks",
				);
				MACOSX_DEPLOYMENT_TARGET = 11.2;
				PRODUCT_BUNDLE_IDENTIFIER = com.juanito.FinnishPassphrases;
				PRODUCT_NAME = "Finnish Passphrases";
				SWIFT_VERSION = 5.0;
			};
			name = Debug;
		};
		282874EB2662337800ADC11E /* Release */ = {
			isa = XCBuildConfiguration;
			buildSettings = {
				ASSETCATALOG_COMPILER_APPICON_NAME = AppIcon;
				ASSETCATALOG_COMPILER_GLOBAL_ACCENT_COLOR_NAME = "accent-color";
				CODE_SIGN_ENTITLEMENTS = "FinnishPassphrases/Supporting Files/FinnishPassphrases.entitlements";
				CODE_SIGN_IDENTITY = "Apple Development";
				CODE_SIGN_STYLE = Automatic;
				COMBINE_HIDPI_IMAGES = YES;
				DEVELOPMENT_ASSET_PATHS = "\"FinnishPassphrases/Preview Content\"";
				DEVELOPMENT_TEAM = H9XF3442XB;
				ENABLE_HARDENED_RUNTIME = YES;
				ENABLE_PREVIEWS = YES;
				GCC_SYMBOLS_PRIVATE_EXTERN = NO;
				INFOPLIST_FILE = "FinnishPassphrases/Supporting Files/Info.plist";
				LD_RUNPATH_SEARCH_PATHS = (
					"$(inherited)",
					"@executable_path/../Frameworks",
				);
				MACOSX_DEPLOYMENT_TARGET = 11.2;
				PRODUCT_BUNDLE_IDENTIFIER = com.juanito.FinnishPassphrases;
				PRODUCT_NAME = "Finnish Passphrases";
				SWIFT_VERSION = 5.0;
			};
			name = Release;
		};
/* End XCBuildConfiguration section */

/* Begin XCConfigurationList section */
		2808822E27CA683C00E66C89 /* Build configuration list for PBXNativeTarget "FinnishPassphrasesTests" */ = {
			isa = XCConfigurationList;
			buildConfigurations = (
				2808822C27CA683C00E66C89 /* Debug */,
				2808822D27CA683C00E66C89 /* Release */,
			);
			defaultConfigurationIsVisible = 0;
			defaultConfigurationName = Release;
		};
		282874D42662337500ADC11E /* Build configuration list for PBXProject "FinnishPassphrases" */ = {
			isa = XCConfigurationList;
			buildConfigurations = (
				282874E72662337800ADC11E /* Debug */,
				282874E82662337800ADC11E /* Release */,
			);
			defaultConfigurationIsVisible = 0;
			defaultConfigurationName = Release;
		};
		282874E92662337800ADC11E /* Build configuration list for PBXNativeTarget "FinnishPassphrases" */ = {
			isa = XCConfigurationList;
			buildConfigurations = (
				282874EA2662337800ADC11E /* Debug */,
				282874EB2662337800ADC11E /* Release */,
			);
			defaultConfigurationIsVisible = 0;
			defaultConfigurationName = Release;
		};
/* End XCConfigurationList section */

/* Begin XCRemoteSwiftPackageReference section */
		284FE22727CA7149004D1094 /* XCRemoteSwiftPackageReference "mockingbird" */ = {
			isa = XCRemoteSwiftPackageReference;
			repositoryURL = "https://github.com/birdrides/mockingbird";
			requirement = {
				kind = upToNextMinorVersion;
				minimumVersion = 0.18.1;
			};
		};
		285CACD3277B42B600D254E3 /* XCRemoteSwiftPackageReference "WrappingHStack" */ = {
			isa = XCRemoteSwiftPackageReference;
			repositoryURL = "https://github.com/dkk/WrappingHStack";
			requirement = {
				kind = upToNextMajorVersion;
				minimumVersion = 2.1.3;
			};
		};
/* End XCRemoteSwiftPackageReference section */

/* Begin XCSwiftPackageProductDependency section */
		284FE22827CA7149004D1094 /* Mockingbird */ = {
			isa = XCSwiftPackageProductDependency;
			package = 284FE22727CA7149004D1094 /* XCRemoteSwiftPackageReference "mockingbird" */;
			productName = Mockingbird;
		};
		285CACD4277B42B600D254E3 /* WrappingHStack */ = {
			isa = XCSwiftPackageProductDependency;
			package = 285CACD3277B42B600D254E3 /* XCRemoteSwiftPackageReference "WrappingHStack" */;
			productName = WrappingHStack;
		};
/* End XCSwiftPackageProductDependency section */
	};
	rootObject = 282874D12662337500ADC11E /* Project object */;
}
